{
  "requires": true,
  "lockfileVersion": 1,
  "dependencies": {
    "mdb-ui-kit": {
      "version": "3.11.0",
      "resolved": "https://registry.npmjs.org/mdb-ui-kit/-/mdb-ui-kit-3.11.0.tgz",
      "integrity": "sha512-rUUzdS7UB7a8iw+/7HrQnitGzq+0ZBYeHAzGJnU4Tl8jssiFl95F3Kmf1cPcAtKd+o5jMJokDRR4mSFKt1p2ig=="
    }
  }
}
